
Microsoft Visual Studio Solution File, Format Version 12.00
# Visual Studio Version 17
VisualStudioVersion = 17.8.34330.188
MinimumVisualStudioVersion = 10.0.40219.1
Project("{9A19103F-16F7-4668-BE54-9A1E7A4F7556}") = "GiftHunt", "GiftHunt\GiftHunt.csproj", "{B27AB50B-0329-4134-87C8-AB47E97A4342}"
EndProject
Global
	GlobalSection(SolutionConfigurationPlatforms) = preSolution
		Debug|Any CPU = Debug|Any CPU
		Release|Any CPU = Release|Any CPU
	EndGlobalSection
	GlobalSection(ProjectConfigurationPlatforms) = postSolution
		{B27AB50B-0329-4134-87C8-AB47E97A4342}.Debug|Any CPU.ActiveCfg = Debug|Any CPU
		{B27AB50B-0329-4134-87C8-AB47E97A4342}.Debug|Any CPU.Build.0 = Debug|Any CPU
		{B27AB50B-0329-4134-87C8-AB47E97A4342}.Release|Any CPU.ActiveCfg = Release|Any CPU
		{B27AB50B-0329-4134-87C8-AB47E97A4342}.Release|Any CPU.Build.0 = Release|Any CPU
	EndGlobalSection
	GlobalSection(SolutionProperties) = preSolution
		HideSolutionNode = FALSE
	EndGlobalSection
	GlobalSection(ExtensibilityGlobals) = postSolution
		SolutionGuid = {8BB15FBF-2714-4210-9014-DD1ED9F9EC28}
	EndGlobalSection
EndGlobal
